
Microsoft Visual Studio Solution File, Format Version 12.00
# Visual Studio 2012
Project("{FAE04EC0-301F-11D3-BF4B-00C04F79EFBC}") = "CBSwitcher", "CBSwitcher\CBSwitcher.csproj", "{1291CF4A-C957-41C0-B906-1F041F038527}"
EndProject
Global
	GlobalSection(SolutionConfigurationPlatforms) = preSolution
		Debug|Any CPU = Debug|Any CPU
		Release|Any CPU = Release|Any CPU
	EndGlobalSection
	GlobalSection(ProjectConfigurationPlatforms) = postSolution
		{1291CF4A-C957-41C0-B906-1F041F038527}.Debug|Any CPU.ActiveCfg = Debug|Any CPU
		{1291CF4A-C957-41C0-B906-1F041F038527}.Debug|Any CPU.Build.0 = Debug|Any CPU
		{1291CF4A-C957-41C0-B906-1F041F038527}.Release|Any CPU.ActiveCfg = Release|Any CPU
		{1291CF4A-C957-41C0-B906-1F041F038527}.Release|Any CPU.Build.0 = Release|Any CPU
	EndGlobalSection
	GlobalSection(SolutionProperties) = preSolution
		HideSolutionNode = FALSE
	EndGlobalSection
EndGlobal
